
Microsoft Visual Studio Solution File, Format Version 12.00
# Visual Studio Version 16
VisualStudioVersion = 16.0.810.25
MinimumVisualStudioVersion = 10.0.40219.1
Project("{FAE04EC0-301F-11D3-BF4B-00C04F79EFBC}") = "VelocidadeMaxima", "VelocidadeMaxima\VelocidadeMaxima.csproj", "{3C38FA9F-65FE-4787-8514-871344CCEF8E}"
EndProject
Global
	GlobalSection(SolutionConfigurationPlatforms) = preSolution
		Debug|Any CPU = Debug|Any CPU
		Release|Any CPU = Release|Any CPU
	EndGlobalSection
	GlobalSection(ProjectConfigurationPlatforms) = postSolution
		{3C38FA9F-65FE-4787-8514-871344CCEF8E}.Debug|Any CPU.ActiveCfg = Debug|Any CPU
		{3C38FA9F-65FE-4787-8514-871344CCEF8E}.Debug|Any CPU.Build.0 = Debug|Any CPU
		{3C38FA9F-65FE-4787-8514-871344CCEF8E}.Release|Any CPU.ActiveCfg = Release|Any CPU
		{3C38FA9F-65FE-4787-8514-871344CCEF8E}.Release|Any CPU.Build.0 = Release|Any CPU
	EndGlobalSection
	GlobalSection(SolutionProperties) = preSolution
		HideSolutionNode = FALSE
	EndGlobalSection
	GlobalSection(ExtensibilityGlobals) = postSolution
		SolutionGuid = {B5D86A5E-8D8E-45D4-8EEA-E269745C4ACD}
	EndGlobalSection
EndGlobal
